
Microsoft Visual Studio Solution File, Format Version 12.00
# Visual Studio Version 16
VisualStudioVersion = 16.0.31112.23
MinimumVisualStudioVersion = 10.0.40219.1
Project("{FAE04EC0-301F-11D3-BF4B-00C04F79EFBC}") = "VSGitHubTestApp", "VSGitHubTestApp\VSGitHubTestApp.csproj", "{C7CF31F4-5B9F-4DA2-9C6C-4BB721FAAB04}"
EndProject
Global
	GlobalSection(SolutionConfigurationPlatforms) = preSolution
		Debug|Any CPU = Debug|Any CPU
		Release|Any CPU = Release|Any CPU
	EndGlobalSection
	GlobalSection(ProjectConfigurationPlatforms) = postSolution
		{C7CF31F4-5B9F-4DA2-9C6C-4BB721FAAB04}.Debug|Any CPU.ActiveCfg = Debug|Any CPU
		{C7CF31F4-5B9F-4DA2-9C6C-4BB721FAAB04}.Debug|Any CPU.Build.0 = Debug|Any CPU
		{C7CF31F4-5B9F-4DA2-9C6C-4BB721FAAB04}.Release|Any CPU.ActiveCfg = Release|Any CPU
		{C7CF31F4-5B9F-4DA2-9C6C-4BB721FAAB04}.Release|Any CPU.Build.0 = Release|Any CPU
	EndGlobalSection
	GlobalSection(SolutionProperties) = preSolution
		HideSolutionNode = FALSE
	EndGlobalSection
	GlobalSection(ExtensibilityGlobals) = postSolution
		SolutionGuid = {A9E1F1DF-0A9B-4A65-91AF-B7DC83F9A971}
	EndGlobalSection
EndGlobal
